
Microsoft Visual Studio Solution File, Format Version 12.00
# Visual Studio Version 17
VisualStudioVersion = 17.5.33414.496
MinimumVisualStudioVersion = 10.0.40219.1
Project("{FAE04EC0-301F-11D3-BF4B-00C04F79EFBC}") = "WpfApp1", "WpfApp1\WpfApp1.csproj", "{6A3415A5-2CCF-4C0C-81A4-FE39640C19B6}"
EndProject
Project("{FAE04EC0-301F-11D3-BF4B-00C04F79EFBC}") = "TestProject1", "TestProject1\TestProject1.csproj", "{2F7F1C83-9611-4658-AC1B-EA0CD5A21473}"
EndProject
Project("{FAE04EC0-301F-11D3-BF4B-00C04F79EFBC}") = "TestProject2", "TestProject2\TestProject2.csproj", "{B5A5D47B-F60F-4C2E-8032-BE8EAD62C512}"
EndProject
Global
	GlobalSection(SolutionConfigurationPlatforms) = preSolution
		Debug|Any CPU = Debug|Any CPU
		Release|Any CPU = Release|Any CPU
	EndGlobalSection
	GlobalSection(ProjectConfigurationPlatforms) = postSolution
		{6A3415A5-2CCF-4C0C-81A4-FE39640C19B6}.Debug|Any CPU.ActiveCfg = Debug|Any CPU
		{6A3415A5-2CCF-4C0C-81A4-FE39640C19B6}.Debug|Any CPU.Build.0 = Debug|Any CPU
		{6A3415A5-2CCF-4C0C-81A4-FE39640C19B6}.Release|Any CPU.ActiveCfg = Release|Any CPU
		{6A3415A5-2CCF-4C0C-81A4-FE39640C19B6}.Release|Any CPU.Build.0 = Release|Any CPU
		{2F7F1C83-9611-4658-AC1B-EA0CD5A21473}.Debug|Any CPU.ActiveCfg = Debug|Any CPU
		{2F7F1C83-9611-4658-AC1B-EA0CD5A21473}.Debug|Any CPU.Build.0 = Debug|Any CPU
		{2F7F1C83-9611-4658-AC1B-EA0CD5A21473}.Release|Any CPU.ActiveCfg = Release|Any CPU
		{2F7F1C83-9611-4658-AC1B-EA0CD5A21473}.Release|Any CPU.Build.0 = Release|Any CPU
		{B5A5D47B-F60F-4C2E-8032-BE8EAD62C512}.Debug|Any CPU.ActiveCfg = Debug|Any CPU
		{B5A5D47B-F60F-4C2E-8032-BE8EAD62C512}.Debug|Any CPU.Build.0 = Debug|Any CPU
		{B5A5D47B-F60F-4C2E-8032-BE8EAD62C512}.Release|Any CPU.ActiveCfg = Release|Any CPU
		{B5A5D47B-F60F-4C2E-8032-BE8EAD62C512}.Release|Any CPU.Build.0 = Release|Any CPU
	EndGlobalSection
	GlobalSection(SolutionProperties) = preSolution
		HideSolutionNode = FALSE
	EndGlobalSection
	GlobalSection(ExtensibilityGlobals) = postSolution
		SolutionGuid = {FD106F85-F468-48E8-BA78-9BD6DB674D74}
	EndGlobalSection
EndGlobal
